
Microsoft Visual Studio Solution File, Format Version 12.00
# Visual Studio Version 16
VisualStudioVersion = 16.0.32106.194
MinimumVisualStudioVersion = 10.0.40219.1
Project("{9A19103F-16F7-4668-BE54-9A1E7A4F7556}") = "CSharpDemo", "CSharpDemo\CSharpDemo.csproj", "{6A9E8F2B-31FF-461B-827B-914DE70E1E18}"
EndProject
Project("{FAE04EC0-301F-11D3-BF4B-00C04F79EFBC}") = "CSharoDemo", "CSharoDemo\CSharoDemo.csproj", "{54F40655-3C77-4E44-8998-D4E6073CC8A0}"
EndProject
Global
	GlobalSection(SolutionConfigurationPlatforms) = preSolution
		Debug|Any CPU = Debug|Any CPU
		Release|Any CPU = Release|Any CPU
	EndGlobalSection
	GlobalSection(ProjectConfigurationPlatforms) = postSolution
		{6A9E8F2B-31FF-461B-827B-914DE70E1E18}.Debug|Any CPU.ActiveCfg = Debug|Any CPU
		{6A9E8F2B-31FF-461B-827B-914DE70E1E18}.Debug|Any CPU.Build.0 = Debug|Any CPU
		{6A9E8F2B-31FF-461B-827B-914DE70E1E18}.Release|Any CPU.ActiveCfg = Release|Any CPU
		{6A9E8F2B-31FF-461B-827B-914DE70E1E18}.Release|Any CPU.Build.0 = Release|Any CPU
		{54F40655-3C77-4E44-8998-D4E6073CC8A0}.Debug|Any CPU.ActiveCfg = Debug|Any CPU
		{54F40655-3C77-4E44-8998-D4E6073CC8A0}.Debug|Any CPU.Build.0 = Debug|Any CPU
		{54F40655-3C77-4E44-8998-D4E6073CC8A0}.Release|Any CPU.ActiveCfg = Release|Any CPU
		{54F40655-3C77-4E44-8998-D4E6073CC8A0}.Release|Any CPU.Build.0 = Release|Any CPU
	EndGlobalSection
	GlobalSection(SolutionProperties) = preSolution
		HideSolutionNode = FALSE
	EndGlobalSection
	GlobalSection(ExtensibilityGlobals) = postSolution
		SolutionGuid = {E9AA215D-5BCD-4C1E-8CFE-FF29C73F6E81}
	EndGlobalSection
EndGlobal
